
Microsoft Visual Studio Solution File, Format Version 12.00
# Visual Studio Version 17
VisualStudioVersion = 17.10.34916.146
MinimumVisualStudioVersion = 10.0.40219.1
Project("{2150E333-8FDC-42A3-9474-1A3956D46DE8}") = "Services", "Services", "{5B9FEC0A-9A95-42B1-BE8F-133C881F27D2}"
EndProject
Project("{2150E333-8FDC-42A3-9474-1A3956D46DE8}") = "BuildingBlocks", "BuildingBlocks", "{83F1E6A0-625A-427D-9F1C-6C842AF43512}"
EndProject
Project("{2150E333-8FDC-42A3-9474-1A3956D46DE8}") = "src", "src", "{B3D10AE0-DBDD-4A61-9A24-6EFD81F44B0D}"
EndProject
Project("{9A19103F-16F7-4668-BE54-9A1E7A4F7556}") = "BuildingBlocks", "..\..\src\BuildingBlocks\BuildingBlocks.csproj", "{9B8C57EF-24CF-4463-A397-AB2373D68D0F}"
EndProject
Project("{9A19103F-16F7-4668-BE54-9A1E7A4F7556}") = "hm.CatalogApi", "..\..\src\Services\hm.CatalogApi\hm.CatalogApi.csproj", "{D2E63068-F076-4B3F-BBE4-FC47A71476CF}"
EndProject
Global
	GlobalSection(SolutionConfigurationPlatforms) = preSolution
		Debug|Any CPU = Debug|Any CPU
		Release|Any CPU = Release|Any CPU
	EndGlobalSection
	GlobalSection(ProjectConfigurationPlatforms) = postSolution
		{9B8C57EF-24CF-4463-A397-AB2373D68D0F}.Debug|Any CPU.ActiveCfg = Debug|Any CPU
		{9B8C57EF-24CF-4463-A397-AB2373D68D0F}.Debug|Any CPU.Build.0 = Debug|Any CPU
		{9B8C57EF-24CF-4463-A397-AB2373D68D0F}.Release|Any CPU.ActiveCfg = Release|Any CPU
		{9B8C57EF-24CF-4463-A397-AB2373D68D0F}.Release|Any CPU.Build.0 = Release|Any CPU
		{D2E63068-F076-4B3F-BBE4-FC47A71476CF}.Debug|Any CPU.ActiveCfg = Debug|Any CPU
		{D2E63068-F076-4B3F-BBE4-FC47A71476CF}.Debug|Any CPU.Build.0 = Debug|Any CPU
		{D2E63068-F076-4B3F-BBE4-FC47A71476CF}.Release|Any CPU.ActiveCfg = Release|Any CPU
		{D2E63068-F076-4B3F-BBE4-FC47A71476CF}.Release|Any CPU.Build.0 = Release|Any CPU
	EndGlobalSection
	GlobalSection(SolutionProperties) = preSolution
		HideSolutionNode = FALSE
	EndGlobalSection
	GlobalSection(NestedProjects) = preSolution
		{5B9FEC0A-9A95-42B1-BE8F-133C881F27D2} = {B3D10AE0-DBDD-4A61-9A24-6EFD81F44B0D}
		{83F1E6A0-625A-427D-9F1C-6C842AF43512} = {B3D10AE0-DBDD-4A61-9A24-6EFD81F44B0D}
		{9B8C57EF-24CF-4463-A397-AB2373D68D0F} = {83F1E6A0-625A-427D-9F1C-6C842AF43512}
		{D2E63068-F076-4B3F-BBE4-FC47A71476CF} = {5B9FEC0A-9A95-42B1-BE8F-133C881F27D2}
	EndGlobalSection
	GlobalSection(ExtensibilityGlobals) = postSolution
		SolutionGuid = {31DC0FC9-03EE-4337-8556-D24C3BA7C381}
	EndGlobalSection
EndGlobal
