
Microsoft Visual Studio Solution File, Format Version 12.00
# Visual Studio Version 17
VisualStudioVersion = 17.10.34916.146
MinimumVisualStudioVersion = 10.0.40219.1
Project("{2150E333-8FDC-42A3-9474-1A3956D46DE8}") = "Services", "Services", "{5B9FEC0A-9A95-42B1-BE8F-133C881F27D2}"
EndProject
Project("{2150E333-8FDC-42A3-9474-1A3956D46DE8}") = "BuildingBlocks", "BuildingBlocks", "{83F1E6A0-625A-427D-9F1C-6C842AF43512}"
EndProject
Project("{2150E333-8FDC-42A3-9474-1A3956D46DE8}") = "src", "src", "{B3D10AE0-DBDD-4A61-9A24-6EFD81F44B0D}"
EndProject
Project("{9A19103F-16F7-4668-BE54-9A1E7A4F7556}") = "BuildingBlocks", "BuildingBlocks\BuildingBlocks\BuildingBlocks.csproj", "{7D6883C6-1022-49DF-8AAE-07754E1356D4}"
EndProject
Project("{9A19103F-16F7-4668-BE54-9A1E7A4F7556}") = "hm.CatalogApi", "Services\hm.CatalogApi\hm.CatalogApi.csproj", "{93888878-5086-41ED-8488-A5B8F122127B}"
EndProject
Project("{E53339B2-1760-4266-BCC7-CA923CBCF16C}") = "docker-compose", "docker-compose.dcproj", "{CB612817-39EC-458A-AD02-DA3E6FDDBBCC}"
EndProject
Project("{FAE04EC0-301F-11D3-BF4B-00C04F79EFBC}") = "hm.BasketApi", "Services\hm.BasketApi\hm.BasketApi.csproj", "{34D5BCE9-891D-4D2B-887D-26E0803381FB}"
EndProject
Global
	GlobalSection(SolutionConfigurationPlatforms) = preSolution
		Debug|Any CPU = Debug|Any CPU
		Release|Any CPU = Release|Any CPU
	EndGlobalSection
	GlobalSection(ProjectConfigurationPlatforms) = postSolution
		{7D6883C6-1022-49DF-8AAE-07754E1356D4}.Debug|Any CPU.ActiveCfg = Debug|Any CPU
		{7D6883C6-1022-49DF-8AAE-07754E1356D4}.Debug|Any CPU.Build.0 = Debug|Any CPU
		{7D6883C6-1022-49DF-8AAE-07754E1356D4}.Release|Any CPU.ActiveCfg = Release|Any CPU
		{7D6883C6-1022-49DF-8AAE-07754E1356D4}.Release|Any CPU.Build.0 = Release|Any CPU
		{93888878-5086-41ED-8488-A5B8F122127B}.Debug|Any CPU.ActiveCfg = Debug|Any CPU
		{93888878-5086-41ED-8488-A5B8F122127B}.Debug|Any CPU.Build.0 = Debug|Any CPU
		{93888878-5086-41ED-8488-A5B8F122127B}.Release|Any CPU.ActiveCfg = Release|Any CPU
		{93888878-5086-41ED-8488-A5B8F122127B}.Release|Any CPU.Build.0 = Release|Any CPU
		{CB612817-39EC-458A-AD02-DA3E6FDDBBCC}.Debug|Any CPU.ActiveCfg = Debug|Any CPU
		{CB612817-39EC-458A-AD02-DA3E6FDDBBCC}.Debug|Any CPU.Build.0 = Debug|Any CPU
		{CB612817-39EC-458A-AD02-DA3E6FDDBBCC}.Release|Any CPU.ActiveCfg = Release|Any CPU
		{CB612817-39EC-458A-AD02-DA3E6FDDBBCC}.Release|Any CPU.Build.0 = Release|Any CPU
		{34D5BCE9-891D-4D2B-887D-26E0803381FB}.Debug|Any CPU.ActiveCfg = Debug|Any CPU
		{34D5BCE9-891D-4D2B-887D-26E0803381FB}.Debug|Any CPU.Build.0 = Debug|Any CPU
		{34D5BCE9-891D-4D2B-887D-26E0803381FB}.Release|Any CPU.ActiveCfg = Release|Any CPU
		{34D5BCE9-891D-4D2B-887D-26E0803381FB}.Release|Any CPU.Build.0 = Release|Any CPU
	EndGlobalSection
	GlobalSection(SolutionProperties) = preSolution
		HideSolutionNode = FALSE
	EndGlobalSection
	GlobalSection(NestedProjects) = preSolution
		{5B9FEC0A-9A95-42B1-BE8F-133C881F27D2} = {B3D10AE0-DBDD-4A61-9A24-6EFD81F44B0D}
		{83F1E6A0-625A-427D-9F1C-6C842AF43512} = {B3D10AE0-DBDD-4A61-9A24-6EFD81F44B0D}
		{7D6883C6-1022-49DF-8AAE-07754E1356D4} = {83F1E6A0-625A-427D-9F1C-6C842AF43512}
		{93888878-5086-41ED-8488-A5B8F122127B} = {5B9FEC0A-9A95-42B1-BE8F-133C881F27D2}
		{34D5BCE9-891D-4D2B-887D-26E0803381FB} = {5B9FEC0A-9A95-42B1-BE8F-133C881F27D2}
	EndGlobalSection
	GlobalSection(ExtensibilityGlobals) = postSolution
		SolutionGuid = {31DC0FC9-03EE-4337-8556-D24C3BA7C381}
	EndGlobalSection
EndGlobal
